// !$*UTF8*$!
{
	archiveVersion = 1;
	classes = {
	};
	objectVersion = 46;
	objects = {

/* Begin PBXBuildFile section */
		13A729FC1EEC497600AB2BA2 /* NewsTableViewController.swift in Sources */ = {isa = PBXBuildFile; fileRef = 13A729FB1EEC497600AB2BA2 /* NewsTableViewController.swift */; };
		13A729FE1EEC538500AB2BA2 /* NewsTableViewCell.swift in Sources */ = {isa = PBXBuildFile; fileRef = 13A729FD1EEC538500AB2BA2 /* NewsTableViewCell.swift */; };
		13A72A001EED0AC100AB2BA2 /* FeedParser.swift in Sources */ = {isa = PBXBuildFile; fileRef = 13A729FF1EED0AC100AB2BA2 /* FeedParser.swift */; };
		13BE891D1EC9F78B00E4AFDE /* AppDelegate.swift in Sources */ = {isa = PBXBuildFile; fileRef = 13BE891C1EC9F78B00E4AFDE /* AppDelegate.swift */; };
		13BE89221EC9F78B00E4AFDE /* Main.storyboard in Resources */ = {isa = PBXBuildFile; fileRef = 13BE89201EC9F78B00E4AFDE /* Main.storyboard */; };
		13BE89241EC9F78B00E4AFDE /* Assets.xcassets in Resources */ = {isa = PBXBuildFile; fileRef = 13BE89231EC9F78B00E4AFDE /* Assets.xcassets */; };
		13BE89271EC9F78B00E4AFDE /* LaunchScreen.storyboard in Resources */ = {isa = PBXBuildFile; fileRef = 13BE89251EC9F78B00E4AFDE /* LaunchScreen.storyboard */; };
/* End PBXBuildFile section */

/* Begin PBXFileReference section */
		13A729FB1EEC497600AB2BA2 /* NewsTableViewController.swift */ = {isa = PBXFileReference; fileEncoding = 4; lastKnownFileType = sourcecode.swift; path = NewsTableViewController.swift; sourceTree = "<group>"; };
		13A729FD1EEC538500AB2BA2 /* NewsTableViewCell.swift */ = {isa = PBXFileReference; fileEncoding = 4; lastKnownFileType = sourcecode.swift; path = NewsTableViewCell.swift; sourceTree = "<group>"; };
		13A729FF1EED0AC100AB2BA2 /* FeedParser.swift */ = {isa = PBXFileReference; fileEncoding = 4; lastKnownFileType = sourcecode.swift; path = FeedParser.swift; sourceTree = "<group>"; };
		13BE89191EC9F78B00E4AFDE /* Project 08 - SimpleRSSReader.app */ = {isa = PBXFileReference; explicitFileType = wrapper.application; includeInIndex = 0; path = "Project 08 - SimpleRSSReader.app"; sourceTree = BUILT_PRODUCTS_DIR; };
		13BE891C1EC9F78B00E4AFDE /* AppDelegate.swift */ = {isa = PBXFileReference; lastKnownFileType = sourcecode.swift; path = AppDelegate.swift; sourceTree = "<group>"; };
		13BE89211EC9F78B00E4AFDE /* Base */ = {isa = PBXFileReference; lastKnownFileType = file.storyboard; name = Base; path = Base.lproj/Main.storyboard; sourceTree = "<group>"; };
		13BE89231EC9F78B00E4AFDE /* Assets.xcassets */ = {isa = PBXFileReference; lastKnownFileType = folder.assetcatalog; path = Assets.xcassets; sourceTree = "<group>"; };
		13BE89261EC9F78B00E4AFDE /* Base */ = {isa = PBXFileReference; lastKnownFileType = file.storyboard; name = Base; path = Base.lproj/LaunchScreen.storyboard; sourceTree = "<group>"; };
		13BE89281EC9F78B00E4AFDE /* Info.plist */ = {isa = PBXFileReference; lastKnownFileType = text.plist.xml; path = Info.plist; sourceTree = "<group>"; };
/* End PBXFileReference section */

/* Begin PBXFrameworksBuildPhase section */
		13BE89161EC9F78B00E4AFDE /* Frameworks */ = {
			isa = PBXFrameworksBuildPhase;
			buildActionMask = 2147483647;
			files = (
			);
			runOnlyForDeploymentPostprocessing = 0;
		};
/* End PBXFrameworksBuildPhase section */

/* Begin PBXGroup section */
		13BE89101EC9F78B00E4AFDE = {
			isa = PBXGroup;
			children = (
				13BE891B1EC9F78B00E4AFDE /* Project 08 - SimpleRSSReader */,
				13BE891A1EC9F78B00E4AFDE /* Products */,
			);
			sourceTree = "<group>";
		};
		13BE891A1EC9F78B00E4AFDE /* Products */ = {
			isa = PBXGroup;
			children = (
				13BE89191EC9F78B00E4AFDE /* Project 08 - SimpleRSSReader.app */,
			);
			name = Products;
			sourceTree = "<group>";
		};
		13BE891B1EC9F78B00E4AFDE /* Project 08 - SimpleRSSReader */ = {
			isa = PBXGroup;
			children = (
				13BE891C1EC9F78B00E4AFDE /* AppDelegate.swift */,
				13A729FB1EEC497600AB2BA2 /* NewsTableViewController.swift */,
				13A729FD1EEC538500AB2BA2 /* NewsTableViewCell.swift */,
				13A729FF1EED0AC100AB2BA2 /* FeedParser.swift */,
				13BE89201EC9F78B00E4AFDE /* Main.storyboard */,
				13BE89231EC9F78B00E4AFDE /* Assets.xcassets */,
				13BE89251EC9F78B00E4AFDE /* LaunchScreen.storyboard */,
				13BE89281EC9F78B00E4AFDE /* Info.plist */,
			);
			path = "Project 08 - SimpleRSSReader";
			sourceTree = "<group>";
		};
/* End PBXGroup section */

/* Begin PBXNativeTarget section */
		13BE89181EC9F78B00E4AFDE /* Project 08 - SimpleRSSReader */ = {
			isa = PBXNativeTarget;
			buildConfigurationList = 13BE892B1EC9F78B00E4AFDE /* Build configuration list for PBXNativeTarget "Project 08 - SimpleRSSReader" */;
			buildPhases = (
				13BE89151EC9F78B00E4AFDE /* Sources */,
				13BE89161EC9F78B00E4AFDE /* Frameworks */,
				13BE89171EC9F78B00E4AFDE /* Resources */,
			);
			buildRules = (
			);
			dependencies = (
			);
			name = "Project 08 - SimpleRSSReader";
			productName = "Project 08 - SimpleRSSReader";
			productReference = 13BE89191EC9F78B00E4AFDE /* Project 08 - SimpleRSSReader.app */;
			productType = "com.apple.product-type.application";
		};
/* End PBXNativeTarget section */

/* Begin PBXProject section */
		13BE89111EC9F78B00E4AFDE /* Project object */ = {
			isa = PBXProject;
			attributes = {
				LastSwiftUpdateCheck = 0830;
				LastUpgradeCheck = 0830;
				ORGANIZATIONNAME = com.Durand;
				TargetAttributes = {
					13BE89181EC9F78B00E4AFDE = {
						CreatedOnToolsVersion = 8.3.2;
						DevelopmentTeam = G29F95377T;
						ProvisioningStyle = Automatic;
					};
				};
			};
			buildConfigurationList = 13BE89141EC9F78B00E4AFDE /* Build configuration list for PBXProject "Project 08 - SimpleRSSReader" */;
			compatibilityVersion = "Xcode 3.2";
			developmentRegion = English;
			hasScannedForEncodings = 0;
			knownRegions = (
				en,
				Base,
			);
			mainGroup = 13BE89101EC9F78B00E4AFDE;
			productRefGroup = 13BE891A1EC9F78B00E4AFDE /* Products */;
			projectDirPath = "";
			projectRoot = "";
			targets = (
				13BE89181EC9F78B00E4AFDE /* Project 08 - SimpleRSSReader */,
			);
		};
/* End PBXProject section */

/* Begin PBXResourcesBuildPhase section */
		13BE89171EC9F78B00E4AFDE /* Resources */ = {
			isa = PBXResourcesBuildPhase;
			buildActionMask = 2147483647;
			files = (
				13BE89271EC9F78B00E4AFDE /* LaunchScreen.storyboard in Resources */,
				13BE89241EC9F78B00E4AFDE /* Assets.xcassets in Resources */,
				13BE89221EC9F78B00E4AFDE /* Main.storyboard in Resources */,
			);
			runOnlyForDeploymentPostprocessing = 0;
		};
/* End PBXResourcesBuildPhase section */

/* Begin PBXSourcesBuildPhase section */
		13BE89151EC9F78B00E4AFDE /* Sources */ = {
			isa = PBXSourcesBuildPhase;
			buildActionMask = 2147483647;
			files = (
				13A72A001EED0AC100AB2BA2 /* FeedParser.swift in Sources */,
				13BE891D1EC9F78B00E4AFDE /* AppDelegate.swift in Sources */,
				13A729FC1EEC497600AB2BA2 /* NewsTableViewController.swift in Sources */,
				13A729FE1EEC538500AB2BA2 /* NewsTableViewCell.swift in Sources */,
			);
			runOnlyForDeploymentPostprocessing = 0;
		};
/* End PBXSourcesBuildPhase section */

/* Begin PBXVariantGroup section */
		13BE89201EC9F78B00E4AFDE /* Main.storyboard */ = {
			isa = PBXVariantGroup;
			children = (
				13BE89211EC9F78B00E4AFDE /* Base */,
			);
			name = Main.storyboard;
			sourceTree = "<group>";
		};
		13BE89251EC9F78B00E4AFDE /* LaunchScreen.storyboard */ = {
			isa = PBXVariantGroup;
			children = (
				13BE89261EC9F78B00E4AFDE /* Base */,
			);
			name = LaunchScreen.storyboard;
			sourceTree = "<group>";
		};
/* End PBXVariantGroup section */

/* Begin XCBuildConfiguration section */
		13BE89291EC9F78B00E4AFDE /* Debug */ = {
			isa = XCBuildConfiguration;
			buildSettings = {
				ALWAYS_SEARCH_USER_PATHS = NO;
				CLANG_ANALYZER_NONNULL = YES;
				CLANG_ANALYZER_NUMBER_OBJECT_CONVERSION = YES_AGGRESSIVE;
				CLANG_CXX_LANGUAGE_STANDARD = "gnu++0x";
				CLANG_CXX_LIBRARY = "libc++";
				CLANG_ENABLE_MODULES = YES;
				CLANG_ENABLE_OBJC_ARC = YES;
				CLANG_WARN_BOOL_CONVERSION = YES;
				CLANG_WARN_CONSTANT_CONVERSION = YES;
				CLANG_WARN_DIRECT_OBJC_ISA_USAGE = YES_ERROR;
				CLANG_WARN_DOCUMENTATION_COMMENTS = YES;
				CLANG_WARN_EMPTY_BODY = YES;
				CLANG_WARN_ENUM_CONVERSION = YES;
				CLANG_WARN_INFINITE_RECURSION = YES;
				CLANG_WARN_INT_CONVERSION = YES;
				CLANG_WARN_OBJC_ROOT_CLASS = YES_ERROR;
				CLANG_WARN_SUSPICIOUS_MOVE = YES;
				CLANG_WARN_UNREACHABLE_CODE = YES;
				CLANG_WARN__DUPLICATE_METHOD_MATCH = YES;
				"CODE_SIGN_IDENTITY[sdk=iphoneos*]" = "iPhone Developer";
				COPY_PHASE_STRIP = NO;
				DEBUG_INFORMATION_FORMAT = dwarf;
				ENABLE_STRICT_OBJC_MSGSEND = YES;
				ENABLE_TESTABILITY = YES;
				GCC_C_LANGUAGE_STANDARD = gnu99;
				GCC_DYNAMIC_NO_PIC = NO;
				GCC_NO_COMMON_BLOCKS = YES;
				GCC_OPTIMIZATION_LEVEL = 0;
				GCC_PREPROCESSOR_DEFINITIONS = (
					"DEBUG=1",
					"$(inherited)",
				);
				GCC_WARN_64_TO_32_BIT_CONVERSION = YES;
				GCC_WARN_ABOUT_RETURN_TYPE = YES_ERROR;
				GCC_WARN_UNDECLARED_SELECTOR = YES;
				GCC_WARN_UNINITIALIZED_AUTOS = YES_AGGRESSIVE;
				GCC_WARN_UNUSED_FUNCTION = YES;
				GCC_WARN_UNUSED_VARIABLE = YES;
				IPHONEOS_DEPLOYMENT_TARGET = 10.3;
				MTL_ENABLE_DEBUG_INFO = YES;
				ONLY_ACTIVE_ARCH = YES;
				SDKROOT = iphoneos;
				SWIFT_ACTIVE_COMPILATION_CONDITIONS = DEBUG;
				SWIFT_OPTIMIZATION_LEVEL = "-Onone";
				TARGETED_DEVICE_FAMILY = "1,2";
			};
			name = Debug;
		};
		13BE892A1EC9F78B00E4AFDE /* Release */ = {
			isa = XCBuildConfiguration;
			buildSettings = {
				ALWAYS_SEARCH_USER_PATHS = NO;
				CLANG_ANALYZER_NONNULL = YES;
				CLANG_ANALYZER_NUMBER_OBJECT_CONVERSION = YES_AGGRESSIVE;
				CLANG_CXX_LANGUAGE_STANDARD = "gnu++0x";
				CLANG_CXX_LIBRARY = "libc++";
				CLANG_ENABLE_MODULES = YES;
				CLANG_ENABLE_OBJC_ARC = YES;
				CLANG_WARN_BOOL_CONVERSION = YES;
				CLANG_WARN_CONSTANT_CONVERSION = YES;
				CLANG_WARN_DIRECT_OBJC_ISA_USAGE = YES_ERROR;
				CLANG_WARN_DOCUMENTATION_COMMENTS = YES;
				CLANG_WARN_EMPTY_BODY = YES;
				CLANG_WARN_ENUM_CONVERSION = YES;
				CLANG_WARN_INFINITE_RECURSION = YES;
				CLANG_WARN_INT_CONVERSION = YES;
				CLANG_WARN_OBJC_ROOT_CLASS = YES_ERROR;
				CLANG_WARN_SUSPICIOUS_MOVE = YES;
				CLANG_WARN_UNREACHABLE_CODE = YES;
				CLANG_WARN__DUPLICATE_METHOD_MATCH = YES;
				"CODE_SIGN_IDENTITY[sdk=iphoneos*]" = "iPhone Developer";
				COPY_PHASE_STRIP = NO;
				DEBUG_INFORMATION_FORMAT = "dwarf-with-dsym";
				ENABLE_NS_ASSERTIONS = NO;
				ENABLE_STRICT_OBJC_MSGSEND = YES;
				GCC_C_LANGUAGE_STANDARD = gnu99;
				GCC_NO_COMMON_BLOCKS = YES;
				GCC_WARN_64_TO_32_BIT_CONVERSION = YES;
				GCC_WARN_ABOUT_RETURN_TYPE = YES_ERROR;
				GCC_WARN_UNDECLARED_SELECTOR = YES;
				GCC_WARN_UNINITIALIZED_AUTOS = YES_AGGRESSIVE;
				GCC_WARN_UNUSED_FUNCTION = YES;
				GCC_WARN_UNUSED_VARIABLE = YES;
				IPHONEOS_DEPLOYMENT_TARGET = 10.3;
				MTL_ENABLE_DEBUG_INFO = NO;
				SDKROOT = iphoneos;
				SWIFT_OPTIMIZATION_LEVEL = "-Owholemodule";
				TARGETED_DEVICE_FAMILY = "1,2";
				VALIDATE_PRODUCT = YES;
			};
			name = Release;
		};
		13BE892C1EC9F78B00E4AFDE /* Debug */ = {
			isa = XCBuildConfiguration;
			buildSettings = {
				ASSETCATALOG_COMPILER_APPICON_NAME = AppIcon;
				DEVELOPMENT_TEAM = G29F95377T;
				INFOPLIST_FILE = "Project 08 - SimpleRSSReader/Info.plist";
				LD_RUNPATH_SEARCH_PATHS = "$(inherited) @executable_path/Frameworks";
				PRODUCT_BUNDLE_IDENTIFIER = "com.Durand.Project-08---SimpleRSSReader";
				PRODUCT_NAME = "$(TARGET_NAME)";
				SWIFT_VERSION = 3.0;
			};
			name = Debug;
		};
		13BE892D1EC9F78B00E4AFDE /* Release */ = {
			isa = XCBuildConfiguration;
			buildSettings = {
				ASSETCATALOG_COMPILER_APPICON_NAME = AppIcon;
				DEVELOPMENT_TEAM = G29F95377T;
				INFOPLIST_FILE = "Project 08 - SimpleRSSReader/Info.plist";
				LD_RUNPATH_SEARCH_PATHS = "$(inherited) @executable_path/Frameworks";
				PRODUCT_BUNDLE_IDENTIFIER = "com.Durand.Project-08---SimpleRSSReader";
				PRODUCT_NAME = "$(TARGET_NAME)";
				SWIFT_VERSION = 3.0;
			};
			name = Release;
		};
/* End XCBuildConfiguration section */

/* Begin XCConfigurationList section */
		13BE89141EC9F78B00E4AFDE /* Build configuration list for PBXProject "Project 08 - SimpleRSSReader" */ = {
			isa = XCConfigurationList;
			buildConfigurations = (
				13BE89291EC9F78B00E4AFDE /* Debug */,
				13BE892A1EC9F78B00E4AFDE /* Release */,
			);
			defaultConfigurationIsVisible = 0;
			defaultConfigurationName = Release;
		};
		13BE892B1EC9F78B00E4AFDE /* Build configuration list for PBXNativeTarget "Project 08 - SimpleRSSReader" */ = {
			isa = XCConfigurationList;
			buildConfigurations = (
				13BE892C1EC9F78B00E4AFDE /* Debug */,
				13BE892D1EC9F78B00E4AFDE /* Release */,
			);
			defaultConfigurationIsVisible = 0;
			defaultConfigurationName = Release;
		};
/* End XCConfigurationList section */
	};
	rootObject = 13BE89111EC9F78B00E4AFDE /* Project object */;
}
