// !$*UTF8*$!
{
	archiveVersion = 1;
	classes = {
	};
	objectVersion = 46;
	objects = {

/* Begin PBXBuildFile section */
		130896501EABB1C0009B44A8 /* MasterViewController.swift in Sources */ = {isa = PBXBuildFile; fileRef = 1308964F1EABB1C0009B44A8 /* MasterViewController.swift */; };
		13EFFB431EAA4EC000E720D0 /* AppDelegate.swift in Sources */ = {isa = PBXBuildFile; fileRef = 13EFFB421EAA4EC000E720D0 /* AppDelegate.swift */; };
		13EFFB481EAA4EC000E720D0 /* Main.storyboard in Resources */ = {isa = PBXBuildFile; fileRef = 13EFFB461EAA4EC000E720D0 /* Main.storyboard */; };
		13EFFB4A1EAA4EC000E720D0 /* Assets.xcassets in Resources */ = {isa = PBXBuildFile; fileRef = 13EFFB491EAA4EC000E720D0 /* Assets.xcassets */; };
		13EFFB4D1EAA4EC000E720D0 /* LaunchScreen.storyboard in Resources */ = {isa = PBXBuildFile; fileRef = 13EFFB4B1EAA4EC000E720D0 /* LaunchScreen.storyboard */; };
/* End PBXBuildFile section */

/* Begin PBXFileReference section */
		1308964F1EABB1C0009B44A8 /* MasterViewController.swift */ = {isa = PBXFileReference; fileEncoding = 4; lastKnownFileType = sourcecode.swift; path = MasterViewController.swift; sourceTree = "<group>"; };
		13EFFB3F1EAA4EC000E720D0 /* Project 06 - CandySearch.app */ = {isa = PBXFileReference; explicitFileType = wrapper.application; includeInIndex = 0; path = "Project 06 - CandySearch.app"; sourceTree = BUILT_PRODUCTS_DIR; };
		13EFFB421EAA4EC000E720D0 /* AppDelegate.swift */ = {isa = PBXFileReference; lastKnownFileType = sourcecode.swift; path = AppDelegate.swift; sourceTree = "<group>"; };
		13EFFB471EAA4EC000E720D0 /* Base */ = {isa = PBXFileReference; lastKnownFileType = file.storyboard; name = Base; path = Base.lproj/Main.storyboard; sourceTree = "<group>"; };
		13EFFB491EAA4EC000E720D0 /* Assets.xcassets */ = {isa = PBXFileReference; lastKnownFileType = folder.assetcatalog; path = Assets.xcassets; sourceTree = "<group>"; };
		13EFFB4C1EAA4EC000E720D0 /* Base */ = {isa = PBXFileReference; lastKnownFileType = file.storyboard; name = Base; path = Base.lproj/LaunchScreen.storyboard; sourceTree = "<group>"; };
		13EFFB4E1EAA4EC000E720D0 /* Info.plist */ = {isa = PBXFileReference; lastKnownFileType = text.plist.xml; path = Info.plist; sourceTree = "<group>"; };
/* End PBXFileReference section */

/* Begin PBXFrameworksBuildPhase section */
		13EFFB3C1EAA4EC000E720D0 /* Frameworks */ = {
			isa = PBXFrameworksBuildPhase;
			buildActionMask = 2147483647;
			files = (
			);
			runOnlyForDeploymentPostprocessing = 0;
		};
/* End PBXFrameworksBuildPhase section */

/* Begin PBXGroup section */
		13EFFB361EAA4EC000E720D0 = {
			isa = PBXGroup;
			children = (
				13EFFB411EAA4EC000E720D0 /* Project 06 - CandySearch */,
				13EFFB401EAA4EC000E720D0 /* Products */,
			);
			sourceTree = "<group>";
		};
		13EFFB401EAA4EC000E720D0 /* Products */ = {
			isa = PBXGroup;
			children = (
				13EFFB3F1EAA4EC000E720D0 /* Project 06 - CandySearch.app */,
			);
			name = Products;
			sourceTree = "<group>";
		};
		13EFFB411EAA4EC000E720D0 /* Project 06 - CandySearch */ = {
			isa = PBXGroup;
			children = (
				13EFFB421EAA4EC000E720D0 /* AppDelegate.swift */,
				1308964F1EABB1C0009B44A8 /* MasterViewController.swift */,
				13EFFB461EAA4EC000E720D0 /* Main.storyboard */,
				13EFFB491EAA4EC000E720D0 /* Assets.xcassets */,
				13EFFB4B1EAA4EC000E720D0 /* LaunchScreen.storyboard */,
				13EFFB4E1EAA4EC000E720D0 /* Info.plist */,
			);
			path = "Project 06 - CandySearch";
			sourceTree = "<group>";
		};
/* End PBXGroup section */

/* Begin PBXNativeTarget section */
		13EFFB3E1EAA4EC000E720D0 /* Project 06 - CandySearch */ = {
			isa = PBXNativeTarget;
			buildConfigurationList = 13EFFB511EAA4EC000E720D0 /* Build configuration list for PBXNativeTarget "Project 06 - CandySearch" */;
			buildPhases = (
				13EFFB3B1EAA4EC000E720D0 /* Sources */,
				13EFFB3C1EAA4EC000E720D0 /* Frameworks */,
				13EFFB3D1EAA4EC000E720D0 /* Resources */,
			);
			buildRules = (
			);
			dependencies = (
			);
			name = "Project 06 - CandySearch";
			productName = "Project 06 - CandySearch";
			productReference = 13EFFB3F1EAA4EC000E720D0 /* Project 06 - CandySearch.app */;
			productType = "com.apple.product-type.application";
		};
/* End PBXNativeTarget section */

/* Begin PBXProject section */
		13EFFB371EAA4EC000E720D0 /* Project object */ = {
			isa = PBXProject;
			attributes = {
				LastSwiftUpdateCheck = 0820;
				LastUpgradeCheck = 0820;
				ORGANIZATIONNAME = com.Durand;
				TargetAttributes = {
					13EFFB3E1EAA4EC000E720D0 = {
						CreatedOnToolsVersion = 8.2.1;
						DevelopmentTeam = G29F95377T;
						ProvisioningStyle = Automatic;
					};
				};
			};
			buildConfigurationList = 13EFFB3A1EAA4EC000E720D0 /* Build configuration list for PBXProject "Project 06 - CandySearch" */;
			compatibilityVersion = "Xcode 3.2";
			developmentRegion = English;
			hasScannedForEncodings = 0;
			knownRegions = (
				en,
				Base,
			);
			mainGroup = 13EFFB361EAA4EC000E720D0;
			productRefGroup = 13EFFB401EAA4EC000E720D0 /* Products */;
			projectDirPath = "";
			projectRoot = "";
			targets = (
				13EFFB3E1EAA4EC000E720D0 /* Project 06 - CandySearch */,
			);
		};
/* End PBXProject section */

/* Begin PBXResourcesBuildPhase section */
		13EFFB3D1EAA4EC000E720D0 /* Resources */ = {
			isa = PBXResourcesBuildPhase;
			buildActionMask = 2147483647;
			files = (
				13EFFB4D1EAA4EC000E720D0 /* LaunchScreen.storyboard in Resources */,
				13EFFB4A1EAA4EC000E720D0 /* Assets.xcassets in Resources */,
				13EFFB481EAA4EC000E720D0 /* Main.storyboard in Resources */,
			);
			runOnlyForDeploymentPostprocessing = 0;
		};
/* End PBXResourcesBuildPhase section */

/* Begin PBXSourcesBuildPhase section */
		13EFFB3B1EAA4EC000E720D0 /* Sources */ = {
			isa = PBXSourcesBuildPhase;
			buildActionMask = 2147483647;
			files = (
				130896501EABB1C0009B44A8 /* MasterViewController.swift in Sources */,
				13EFFB431EAA4EC000E720D0 /* AppDelegate.swift in Sources */,
			);
			runOnlyForDeploymentPostprocessing = 0;
		};
/* End PBXSourcesBuildPhase section */

/* Begin PBXVariantGroup section */
		13EFFB461EAA4EC000E720D0 /* Main.storyboard */ = {
			isa = PBXVariantGroup;
			children = (
				13EFFB471EAA4EC000E720D0 /* Base */,
			);
			name = Main.storyboard;
			sourceTree = "<group>";
		};
		13EFFB4B1EAA4EC000E720D0 /* LaunchScreen.storyboard */ = {
			isa = PBXVariantGroup;
			children = (
				13EFFB4C1EAA4EC000E720D0 /* Base */,
			);
			name = LaunchScreen.storyboard;
			sourceTree = "<group>";
		};
/* End PBXVariantGroup section */

/* Begin XCBuildConfiguration section */
		13EFFB4F1EAA4EC000E720D0 /* Debug */ = {
			isa = XCBuildConfiguration;
			buildSettings = {
				ALWAYS_SEARCH_USER_PATHS = NO;
				CLANG_ANALYZER_NONNULL = YES;
				CLANG_CXX_LANGUAGE_STANDARD = "gnu++0x";
				CLANG_CXX_LIBRARY = "libc++";
				CLANG_ENABLE_MODULES = YES;
				CLANG_ENABLE_OBJC_ARC = YES;
				CLANG_WARN_BOOL_CONVERSION = YES;
				CLANG_WARN_CONSTANT_CONVERSION = YES;
				CLANG_WARN_DIRECT_OBJC_ISA_USAGE = YES_ERROR;
				CLANG_WARN_DOCUMENTATION_COMMENTS = YES;
				CLANG_WARN_EMPTY_BODY = YES;
				CLANG_WARN_ENUM_CONVERSION = YES;
				CLANG_WARN_INFINITE_RECURSION = YES;
				CLANG_WARN_INT_CONVERSION = YES;
				CLANG_WARN_OBJC_ROOT_CLASS = YES_ERROR;
				CLANG_WARN_SUSPICIOUS_MOVE = YES;
				CLANG_WARN_UNREACHABLE_CODE = YES;
				CLANG_WARN__DUPLICATE_METHOD_MATCH = YES;
				"CODE_SIGN_IDENTITY[sdk=iphoneos*]" = "iPhone Developer";
				COPY_PHASE_STRIP = NO;
				DEBUG_INFORMATION_FORMAT = dwarf;
				ENABLE_STRICT_OBJC_MSGSEND = YES;
				ENABLE_TESTABILITY = YES;
				GCC_C_LANGUAGE_STANDARD = gnu99;
				GCC_DYNAMIC_NO_PIC = NO;
				GCC_NO_COMMON_BLOCKS = YES;
				GCC_OPTIMIZATION_LEVEL = 0;
				GCC_PREPROCESSOR_DEFINITIONS = (
					"DEBUG=1",
					"$(inherited)",
				);
				GCC_WARN_64_TO_32_BIT_CONVERSION = YES;
				GCC_WARN_ABOUT_RETURN_TYPE = YES_ERROR;
				GCC_WARN_UNDECLARED_SELECTOR = YES;
				GCC_WARN_UNINITIALIZED_AUTOS = YES_AGGRESSIVE;
				GCC_WARN_UNUSED_FUNCTION = YES;
				GCC_WARN_UNUSED_VARIABLE = YES;
				IPHONEOS_DEPLOYMENT_TARGET = 10.2;
				MTL_ENABLE_DEBUG_INFO = YES;
				ONLY_ACTIVE_ARCH = YES;
				SDKROOT = iphoneos;
				SWIFT_ACTIVE_COMPILATION_CONDITIONS = DEBUG;
				SWIFT_OPTIMIZATION_LEVEL = "-Onone";
				TARGETED_DEVICE_FAMILY = "1,2";
			};
			name = Debug;
		};
		13EFFB501EAA4EC000E720D0 /* Release */ = {
			isa = XCBuildConfiguration;
			buildSettings = {
				ALWAYS_SEARCH_USER_PATHS = NO;
				CLANG_ANALYZER_NONNULL = YES;
				CLANG_CXX_LANGUAGE_STANDARD = "gnu++0x";
				CLANG_CXX_LIBRARY = "libc++";
				CLANG_ENABLE_MODULES = YES;
				CLANG_ENABLE_OBJC_ARC = YES;
				CLANG_WARN_BOOL_CONVERSION = YES;
				CLANG_WARN_CONSTANT_CONVERSION = YES;
				CLANG_WARN_DIRECT_OBJC_ISA_USAGE = YES_ERROR;
				CLANG_WARN_DOCUMENTATION_COMMENTS = YES;
				CLANG_WARN_EMPTY_BODY = YES;
				CLANG_WARN_ENUM_CONVERSION = YES;
				CLANG_WARN_INFINITE_RECURSION = YES;
				CLANG_WARN_INT_CONVERSION = YES;
				CLANG_WARN_OBJC_ROOT_CLASS = YES_ERROR;
				CLANG_WARN_SUSPICIOUS_MOVE = YES;
				CLANG_WARN_UNREACHABLE_CODE = YES;
				CLANG_WARN__DUPLICATE_METHOD_MATCH = YES;
				"CODE_SIGN_IDENTITY[sdk=iphoneos*]" = "iPhone Developer";
				COPY_PHASE_STRIP = NO;
				DEBUG_INFORMATION_FORMAT = "dwarf-with-dsym";
				ENABLE_NS_ASSERTIONS = NO;
				ENABLE_STRICT_OBJC_MSGSEND = YES;
				GCC_C_LANGUAGE_STANDARD = gnu99;
				GCC_NO_COMMON_BLOCKS = YES;
				GCC_WARN_64_TO_32_BIT_CONVERSION = YES;
				GCC_WARN_ABOUT_RETURN_TYPE = YES_ERROR;
				GCC_WARN_UNDECLARED_SELECTOR = YES;
				GCC_WARN_UNINITIALIZED_AUTOS = YES_AGGRESSIVE;
				GCC_WARN_UNUSED_FUNCTION = YES;
				GCC_WARN_UNUSED_VARIABLE = YES;
				IPHONEOS_DEPLOYMENT_TARGET = 10.2;
				MTL_ENABLE_DEBUG_INFO = NO;
				SDKROOT = iphoneos;
				SWIFT_OPTIMIZATION_LEVEL = "-Owholemodule";
				TARGETED_DEVICE_FAMILY = "1,2";
				VALIDATE_PRODUCT = YES;
			};
			name = Release;
		};
		13EFFB521EAA4EC000E720D0 /* Debug */ = {
			isa = XCBuildConfiguration;
			buildSettings = {
				ASSETCATALOG_COMPILER_APPICON_NAME = AppIcon;
				DEVELOPMENT_TEAM = G29F95377T;
				INFOPLIST_FILE = "Project 06 - CandySearch/Info.plist";
				LD_RUNPATH_SEARCH_PATHS = "$(inherited) @executable_path/Frameworks";
				PRODUCT_BUNDLE_IDENTIFIER = "com.Durand.Project-06---CandySearch";
				PRODUCT_NAME = "$(TARGET_NAME)";
				SWIFT_VERSION = 3.0;
			};
			name = Debug;
		};
		13EFFB531EAA4EC000E720D0 /* Release */ = {
			isa = XCBuildConfiguration;
			buildSettings = {
				ASSETCATALOG_COMPILER_APPICON_NAME = AppIcon;
				DEVELOPMENT_TEAM = G29F95377T;
				INFOPLIST_FILE = "Project 06 - CandySearch/Info.plist";
				LD_RUNPATH_SEARCH_PATHS = "$(inherited) @executable_path/Frameworks";
				PRODUCT_BUNDLE_IDENTIFIER = "com.Durand.Project-06---CandySearch";
				PRODUCT_NAME = "$(TARGET_NAME)";
				SWIFT_VERSION = 3.0;
			};
			name = Release;
		};
/* End XCBuildConfiguration section */

/* Begin XCConfigurationList section */
		13EFFB3A1EAA4EC000E720D0 /* Build configuration list for PBXProject "Project 06 - CandySearch" */ = {
			isa = XCConfigurationList;
			buildConfigurations = (
				13EFFB4F1EAA4EC000E720D0 /* Debug */,
				13EFFB501EAA4EC000E720D0 /* Release */,
			);
			defaultConfigurationIsVisible = 0;
			defaultConfigurationName = Release;
		};
		13EFFB511EAA4EC000E720D0 /* Build configuration list for PBXNativeTarget "Project 06 - CandySearch" */ = {
			isa = XCConfigurationList;
			buildConfigurations = (
				13EFFB521EAA4EC000E720D0 /* Debug */,
				13EFFB531EAA4EC000E720D0 /* Release */,
			);
			defaultConfigurationIsVisible = 0;
			defaultConfigurationName = Release;
		};
/* End XCConfigurationList section */
	};
	rootObject = 13EFFB371EAA4EC000E720D0 /* Project object */;
}
