// !$*UTF8*$!
{
	archiveVersion = 1;
	classes = {
	};
	objectVersion = 46;
	objects = {

/* Begin PBXBuildFile section */
		136F61441EF8F48E009DD2B2 /* AppDelegate.swift in Sources */ = {isa = PBXBuildFile; fileRef = 136F61431EF8F48E009DD2B2 /* AppDelegate.swift */; };
		136F61461EF8F48E009DD2B2 /* ViewController.swift in Sources */ = {isa = PBXBuildFile; fileRef = 136F61451EF8F48E009DD2B2 /* ViewController.swift */; };
		136F61491EF8F48E009DD2B2 /* Main.storyboard in Resources */ = {isa = PBXBuildFile; fileRef = 136F61471EF8F48E009DD2B2 /* Main.storyboard */; };
		136F614B1EF8F48E009DD2B2 /* Assets.xcassets in Resources */ = {isa = PBXBuildFile; fileRef = 136F614A1EF8F48E009DD2B2 /* Assets.xcassets */; };
		136F614E1EF8F48E009DD2B2 /* LaunchScreen.storyboard in Resources */ = {isa = PBXBuildFile; fileRef = 136F614C1EF8F48E009DD2B2 /* LaunchScreen.storyboard */; };
/* End PBXBuildFile section */

/* Begin PBXFileReference section */
		136F61401EF8F48E009DD2B2 /* Project 22 - 3DTouchQuickAction.app */ = {isa = PBXFileReference; explicitFileType = wrapper.application; includeInIndex = 0; path = "Project 22 - 3DTouchQuickAction.app"; sourceTree = BUILT_PRODUCTS_DIR; };
		136F61431EF8F48E009DD2B2 /* AppDelegate.swift */ = {isa = PBXFileReference; lastKnownFileType = sourcecode.swift; path = AppDelegate.swift; sourceTree = "<group>"; };
		136F61451EF8F48E009DD2B2 /* ViewController.swift */ = {isa = PBXFileReference; lastKnownFileType = sourcecode.swift; path = ViewController.swift; sourceTree = "<group>"; };
		136F61481EF8F48E009DD2B2 /* Base */ = {isa = PBXFileReference; lastKnownFileType = file.storyboard; name = Base; path = Base.lproj/Main.storyboard; sourceTree = "<group>"; };
		136F614A1EF8F48E009DD2B2 /* Assets.xcassets */ = {isa = PBXFileReference; lastKnownFileType = folder.assetcatalog; path = Assets.xcassets; sourceTree = "<group>"; };
		136F614D1EF8F48E009DD2B2 /* Base */ = {isa = PBXFileReference; lastKnownFileType = file.storyboard; name = Base; path = Base.lproj/LaunchScreen.storyboard; sourceTree = "<group>"; };
		136F614F1EF8F48E009DD2B2 /* Info.plist */ = {isa = PBXFileReference; lastKnownFileType = text.plist.xml; path = Info.plist; sourceTree = "<group>"; };
/* End PBXFileReference section */

/* Begin PBXFrameworksBuildPhase section */
		136F613D1EF8F48E009DD2B2 /* Frameworks */ = {
			isa = PBXFrameworksBuildPhase;
			buildActionMask = 2147483647;
			files = (
			);
			runOnlyForDeploymentPostprocessing = 0;
		};
/* End PBXFrameworksBuildPhase section */

/* Begin PBXGroup section */
		136F61371EF8F48E009DD2B2 = {
			isa = PBXGroup;
			children = (
				136F61421EF8F48E009DD2B2 /* Project 22 - 3DTouchQuickAction */,
				136F61411EF8F48E009DD2B2 /* Products */,
			);
			sourceTree = "<group>";
		};
		136F61411EF8F48E009DD2B2 /* Products */ = {
			isa = PBXGroup;
			children = (
				136F61401EF8F48E009DD2B2 /* Project 22 - 3DTouchQuickAction.app */,
			);
			name = Products;
			sourceTree = "<group>";
		};
		136F61421EF8F48E009DD2B2 /* Project 22 - 3DTouchQuickAction */ = {
			isa = PBXGroup;
			children = (
				136F61431EF8F48E009DD2B2 /* AppDelegate.swift */,
				136F61451EF8F48E009DD2B2 /* ViewController.swift */,
				136F61471EF8F48E009DD2B2 /* Main.storyboard */,
				136F614A1EF8F48E009DD2B2 /* Assets.xcassets */,
				136F614C1EF8F48E009DD2B2 /* LaunchScreen.storyboard */,
				136F614F1EF8F48E009DD2B2 /* Info.plist */,
			);
			path = "Project 22 - 3DTouchQuickAction";
			sourceTree = "<group>";
		};
/* End PBXGroup section */

/* Begin PBXNativeTarget section */
		136F613F1EF8F48E009DD2B2 /* Project 22 - 3DTouchQuickAction */ = {
			isa = PBXNativeTarget;
			buildConfigurationList = 136F61521EF8F48E009DD2B2 /* Build configuration list for PBXNativeTarget "Project 22 - 3DTouchQuickAction" */;
			buildPhases = (
				136F613C1EF8F48E009DD2B2 /* Sources */,
				136F613D1EF8F48E009DD2B2 /* Frameworks */,
				136F613E1EF8F48E009DD2B2 /* Resources */,
			);
			buildRules = (
			);
			dependencies = (
			);
			name = "Project 22 - 3DTouchQuickAction";
			productName = "Project 22 - 3DTouchQuickAction";
			productReference = 136F61401EF8F48E009DD2B2 /* Project 22 - 3DTouchQuickAction.app */;
			productType = "com.apple.product-type.application";
		};
/* End PBXNativeTarget section */

/* Begin PBXProject section */
		136F61381EF8F48E009DD2B2 /* Project object */ = {
			isa = PBXProject;
			attributes = {
				LastSwiftUpdateCheck = 0830;
				LastUpgradeCheck = 0830;
				ORGANIZATIONNAME = com.Durand;
				TargetAttributes = {
					136F613F1EF8F48E009DD2B2 = {
						CreatedOnToolsVersion = 8.3.2;
						DevelopmentTeam = G29F95377T;
						ProvisioningStyle = Automatic;
					};
				};
			};
			buildConfigurationList = 136F613B1EF8F48E009DD2B2 /* Build configuration list for PBXProject "Project 22 - 3DTouchQuickAction" */;
			compatibilityVersion = "Xcode 3.2";
			developmentRegion = English;
			hasScannedForEncodings = 0;
			knownRegions = (
				en,
				Base,
			);
			mainGroup = 136F61371EF8F48E009DD2B2;
			productRefGroup = 136F61411EF8F48E009DD2B2 /* Products */;
			projectDirPath = "";
			projectRoot = "";
			targets = (
				136F613F1EF8F48E009DD2B2 /* Project 22 - 3DTouchQuickAction */,
			);
		};
/* End PBXProject section */

/* Begin PBXResourcesBuildPhase section */
		136F613E1EF8F48E009DD2B2 /* Resources */ = {
			isa = PBXResourcesBuildPhase;
			buildActionMask = 2147483647;
			files = (
				136F614E1EF8F48E009DD2B2 /* LaunchScreen.storyboard in Resources */,
				136F614B1EF8F48E009DD2B2 /* Assets.xcassets in Resources */,
				136F61491EF8F48E009DD2B2 /* Main.storyboard in Resources */,
			);
			runOnlyForDeploymentPostprocessing = 0;
		};
/* End PBXResourcesBuildPhase section */

/* Begin PBXSourcesBuildPhase section */
		136F613C1EF8F48E009DD2B2 /* Sources */ = {
			isa = PBXSourcesBuildPhase;
			buildActionMask = 2147483647;
			files = (
				136F61461EF8F48E009DD2B2 /* ViewController.swift in Sources */,
				136F61441EF8F48E009DD2B2 /* AppDelegate.swift in Sources */,
			);
			runOnlyForDeploymentPostprocessing = 0;
		};
/* End PBXSourcesBuildPhase section */

/* Begin PBXVariantGroup section */
		136F61471EF8F48E009DD2B2 /* Main.storyboard */ = {
			isa = PBXVariantGroup;
			children = (
				136F61481EF8F48E009DD2B2 /* Base */,
			);
			name = Main.storyboard;
			sourceTree = "<group>";
		};
		136F614C1EF8F48E009DD2B2 /* LaunchScreen.storyboard */ = {
			isa = PBXVariantGroup;
			children = (
				136F614D1EF8F48E009DD2B2 /* Base */,
			);
			name = LaunchScreen.storyboard;
			sourceTree = "<group>";
		};
/* End PBXVariantGroup section */

/* Begin XCBuildConfiguration section */
		136F61501EF8F48E009DD2B2 /* Debug */ = {
			isa = XCBuildConfiguration;
			buildSettings = {
				ALWAYS_SEARCH_USER_PATHS = NO;
				CLANG_ANALYZER_NONNULL = YES;
				CLANG_ANALYZER_NUMBER_OBJECT_CONVERSION = YES_AGGRESSIVE;
				CLANG_CXX_LANGUAGE_STANDARD = "gnu++0x";
				CLANG_CXX_LIBRARY = "libc++";
				CLANG_ENABLE_MODULES = YES;
				CLANG_ENABLE_OBJC_ARC = YES;
				CLANG_WARN_BOOL_CONVERSION = YES;
				CLANG_WARN_CONSTANT_CONVERSION = YES;
				CLANG_WARN_DIRECT_OBJC_ISA_USAGE = YES_ERROR;
				CLANG_WARN_DOCUMENTATION_COMMENTS = YES;
				CLANG_WARN_EMPTY_BODY = YES;
				CLANG_WARN_ENUM_CONVERSION = YES;
				CLANG_WARN_INFINITE_RECURSION = YES;
				CLANG_WARN_INT_CONVERSION = YES;
				CLANG_WARN_OBJC_ROOT_CLASS = YES_ERROR;
				CLANG_WARN_SUSPICIOUS_MOVE = YES;
				CLANG_WARN_UNREACHABLE_CODE = YES;
				CLANG_WARN__DUPLICATE_METHOD_MATCH = YES;
				"CODE_SIGN_IDENTITY[sdk=iphoneos*]" = "iPhone Developer";
				COPY_PHASE_STRIP = NO;
				DEBUG_INFORMATION_FORMAT = dwarf;
				ENABLE_STRICT_OBJC_MSGSEND = YES;
				ENABLE_TESTABILITY = YES;
				GCC_C_LANGUAGE_STANDARD = gnu99;
				GCC_DYNAMIC_NO_PIC = NO;
				GCC_NO_COMMON_BLOCKS = YES;
				GCC_OPTIMIZATION_LEVEL = 0;
				GCC_PREPROCESSOR_DEFINITIONS = (
					"DEBUG=1",
					"$(inherited)",
				);
				GCC_WARN_64_TO_32_BIT_CONVERSION = YES;
				GCC_WARN_ABOUT_RETURN_TYPE = YES_ERROR;
				GCC_WARN_UNDECLARED_SELECTOR = YES;
				GCC_WARN_UNINITIALIZED_AUTOS = YES_AGGRESSIVE;
				GCC_WARN_UNUSED_FUNCTION = YES;
				GCC_WARN_UNUSED_VARIABLE = YES;
				IPHONEOS_DEPLOYMENT_TARGET = 10.3;
				MTL_ENABLE_DEBUG_INFO = YES;
				ONLY_ACTIVE_ARCH = YES;
				SDKROOT = iphoneos;
				SWIFT_ACTIVE_COMPILATION_CONDITIONS = DEBUG;
				SWIFT_OPTIMIZATION_LEVEL = "-Onone";
				TARGETED_DEVICE_FAMILY = "1,2";
			};
			name = Debug;
		};
		136F61511EF8F48E009DD2B2 /* Release */ = {
			isa = XCBuildConfiguration;
			buildSettings = {
				ALWAYS_SEARCH_USER_PATHS = NO;
				CLANG_ANALYZER_NONNULL = YES;
				CLANG_ANALYZER_NUMBER_OBJECT_CONVERSION = YES_AGGRESSIVE;
				CLANG_CXX_LANGUAGE_STANDARD = "gnu++0x";
				CLANG_CXX_LIBRARY = "libc++";
				CLANG_ENABLE_MODULES = YES;
				CLANG_ENABLE_OBJC_ARC = YES;
				CLANG_WARN_BOOL_CONVERSION = YES;
				CLANG_WARN_CONSTANT_CONVERSION = YES;
				CLANG_WARN_DIRECT_OBJC_ISA_USAGE = YES_ERROR;
				CLANG_WARN_DOCUMENTATION_COMMENTS = YES;
				CLANG_WARN_EMPTY_BODY = YES;
				CLANG_WARN_ENUM_CONVERSION = YES;
				CLANG_WARN_INFINITE_RECURSION = YES;
				CLANG_WARN_INT_CONVERSION = YES;
				CLANG_WARN_OBJC_ROOT_CLASS = YES_ERROR;
				CLANG_WARN_SUSPICIOUS_MOVE = YES;
				CLANG_WARN_UNREACHABLE_CODE = YES;
				CLANG_WARN__DUPLICATE_METHOD_MATCH = YES;
				"CODE_SIGN_IDENTITY[sdk=iphoneos*]" = "iPhone Developer";
				COPY_PHASE_STRIP = NO;
				DEBUG_INFORMATION_FORMAT = "dwarf-with-dsym";
				ENABLE_NS_ASSERTIONS = NO;
				ENABLE_STRICT_OBJC_MSGSEND = YES;
				GCC_C_LANGUAGE_STANDARD = gnu99;
				GCC_NO_COMMON_BLOCKS = YES;
				GCC_WARN_64_TO_32_BIT_CONVERSION = YES;
				GCC_WARN_ABOUT_RETURN_TYPE = YES_ERROR;
				GCC_WARN_UNDECLARED_SELECTOR = YES;
				GCC_WARN_UNINITIALIZED_AUTOS = YES_AGGRESSIVE;
				GCC_WARN_UNUSED_FUNCTION = YES;
				GCC_WARN_UNUSED_VARIABLE = YES;
				IPHONEOS_DEPLOYMENT_TARGET = 10.3;
				MTL_ENABLE_DEBUG_INFO = NO;
				SDKROOT = iphoneos;
				SWIFT_OPTIMIZATION_LEVEL = "-Owholemodule";
				TARGETED_DEVICE_FAMILY = "1,2";
				VALIDATE_PRODUCT = YES;
			};
			name = Release;
		};
		136F61531EF8F48E009DD2B2 /* Debug */ = {
			isa = XCBuildConfiguration;
			buildSettings = {
				ASSETCATALOG_COMPILER_APPICON_NAME = AppIcon;
				DEVELOPMENT_TEAM = G29F95377T;
				INFOPLIST_FILE = "Project 22 - 3DTouchQuickAction/Info.plist";
				IPHONEOS_DEPLOYMENT_TARGET = 9;
				LD_RUNPATH_SEARCH_PATHS = "$(inherited) @executable_path/Frameworks";
				PRODUCT_BUNDLE_IDENTIFIER = "com.Durand.Project-22---3DTouchQuickAction";
				PRODUCT_NAME = "$(TARGET_NAME)";
				SWIFT_VERSION = 3.0;
			};
			name = Debug;
		};
		136F61541EF8F48E009DD2B2 /* Release */ = {
			isa = XCBuildConfiguration;
			buildSettings = {
				ASSETCATALOG_COMPILER_APPICON_NAME = AppIcon;
				DEVELOPMENT_TEAM = G29F95377T;
				INFOPLIST_FILE = "Project 22 - 3DTouchQuickAction/Info.plist";
				IPHONEOS_DEPLOYMENT_TARGET = 9;
				LD_RUNPATH_SEARCH_PATHS = "$(inherited) @executable_path/Frameworks";
				PRODUCT_BUNDLE_IDENTIFIER = "com.Durand.Project-22---3DTouchQuickAction";
				PRODUCT_NAME = "$(TARGET_NAME)";
				SWIFT_VERSION = 3.0;
			};
			name = Release;
		};
/* End XCBuildConfiguration section */

/* Begin XCConfigurationList section */
		136F613B1EF8F48E009DD2B2 /* Build configuration list for PBXProject "Project 22 - 3DTouchQuickAction" */ = {
			isa = XCConfigurationList;
			buildConfigurations = (
				136F61501EF8F48E009DD2B2 /* Debug */,
				136F61511EF8F48E009DD2B2 /* Release */,
			);
			defaultConfigurationIsVisible = 0;
			defaultConfigurationName = Release;
		};
		136F61521EF8F48E009DD2B2 /* Build configuration list for PBXNativeTarget "Project 22 - 3DTouchQuickAction" */ = {
			isa = XCConfigurationList;
			buildConfigurations = (
				136F61531EF8F48E009DD2B2 /* Debug */,
				136F61541EF8F48E009DD2B2 /* Release */,
			);
			defaultConfigurationIsVisible = 0;
			defaultConfigurationName = Release;
		};
/* End XCConfigurationList section */
	};
	rootObject = 136F61381EF8F48E009DD2B2 /* Project object */;
}
