// !$*UTF8*$!
{
	archiveVersion = 1;
	classes = {
	};
	objectVersion = 46;
	objects = {

/* Begin PBXBuildFile section */
		131BAEB91E8AAFC800912967 /* AppDelegate.swift in Sources */ = {isa = PBXBuildFile; fileRef = 131BAEB81E8AAFC800912967 /* AppDelegate.swift */; };
		131BAEBB1E8AAFC800912967 /* ViewController.swift in Sources */ = {isa = PBXBuildFile; fileRef = 131BAEBA1E8AAFC800912967 /* ViewController.swift */; };
		131BAEC01E8AAFC800912967 /* Assets.xcassets in Resources */ = {isa = PBXBuildFile; fileRef = 131BAEBF1E8AAFC800912967 /* Assets.xcassets */; };
		131BAEC31E8AAFC800912967 /* LaunchScreen.storyboard in Resources */ = {isa = PBXBuildFile; fileRef = 131BAEC11E8AAFC800912967 /* LaunchScreen.storyboard */; };
		1362D5671E8BEDDF00449E18 /* YCProductsViewController.swift in Sources */ = {isa = PBXBuildFile; fileRef = 1362D5661E8BEDDF00449E18 /* YCProductsViewController.swift */; };
		1362D5691E8BFCD200449E18 /* YCProduct.swift in Sources */ = {isa = PBXBuildFile; fileRef = 1362D5681E8BFCD200449E18 /* YCProduct.swift */; };
/* End PBXBuildFile section */

/* Begin PBXFileReference section */
		131BAEB51E8AAFC800912967 /* Project 01 - GoodAsOldPhones.app */ = {isa = PBXFileReference; explicitFileType = wrapper.application; includeInIndex = 0; path = "Project 01 - GoodAsOldPhones.app"; sourceTree = BUILT_PRODUCTS_DIR; };
		131BAEB81E8AAFC800912967 /* AppDelegate.swift */ = {isa = PBXFileReference; lastKnownFileType = sourcecode.swift; path = AppDelegate.swift; sourceTree = "<group>"; };
		131BAEBA1E8AAFC800912967 /* ViewController.swift */ = {isa = PBXFileReference; lastKnownFileType = sourcecode.swift; path = ViewController.swift; sourceTree = "<group>"; };
		131BAEBF1E8AAFC800912967 /* Assets.xcassets */ = {isa = PBXFileReference; lastKnownFileType = folder.assetcatalog; path = Assets.xcassets; sourceTree = "<group>"; };
		131BAEC21E8AAFC800912967 /* Base */ = {isa = PBXFileReference; lastKnownFileType = file.storyboard; name = Base; path = Base.lproj/LaunchScreen.storyboard; sourceTree = "<group>"; };
		131BAEC41E8AAFC800912967 /* Info.plist */ = {isa = PBXFileReference; lastKnownFileType = text.plist.xml; path = Info.plist; sourceTree = "<group>"; };
		1362D5661E8BEDDF00449E18 /* YCProductsViewController.swift */ = {isa = PBXFileReference; fileEncoding = 4; lastKnownFileType = sourcecode.swift; path = YCProductsViewController.swift; sourceTree = "<group>"; };
		1362D5681E8BFCD200449E18 /* YCProduct.swift */ = {isa = PBXFileReference; fileEncoding = 4; lastKnownFileType = sourcecode.swift; path = YCProduct.swift; sourceTree = "<group>"; };
/* End PBXFileReference section */

/* Begin PBXFrameworksBuildPhase section */
		131BAEB21E8AAFC800912967 /* Frameworks */ = {
			isa = PBXFrameworksBuildPhase;
			buildActionMask = 2147483647;
			files = (
			);
			runOnlyForDeploymentPostprocessing = 0;
		};
/* End PBXFrameworksBuildPhase section */

/* Begin PBXGroup section */
		131BAEAC1E8AAFC800912967 = {
			isa = PBXGroup;
			children = (
				131BAEB71E8AAFC800912967 /* Project 01 - GoodAsOldPhones */,
				131BAEB61E8AAFC800912967 /* Products */,
			);
			sourceTree = "<group>";
		};
		131BAEB61E8AAFC800912967 /* Products */ = {
			isa = PBXGroup;
			children = (
				131BAEB51E8AAFC800912967 /* Project 01 - GoodAsOldPhones.app */,
			);
			name = Products;
			sourceTree = "<group>";
		};
		131BAEB71E8AAFC800912967 /* Project 01 - GoodAsOldPhones */ = {
			isa = PBXGroup;
			children = (
				131BAEB81E8AAFC800912967 /* AppDelegate.swift */,
				1362D5661E8BEDDF00449E18 /* YCProductsViewController.swift */,
				1362D5681E8BFCD200449E18 /* YCProduct.swift */,
				131BAEBA1E8AAFC800912967 /* ViewController.swift */,
				131BAEBF1E8AAFC800912967 /* Assets.xcassets */,
				131BAEC11E8AAFC800912967 /* LaunchScreen.storyboard */,
				131BAEC41E8AAFC800912967 /* Info.plist */,
			);
			path = "Project 01 - GoodAsOldPhones";
			sourceTree = "<group>";
		};
/* End PBXGroup section */

/* Begin PBXNativeTarget section */
		131BAEB41E8AAFC800912967 /* Project 01 - GoodAsOldPhones */ = {
			isa = PBXNativeTarget;
			buildConfigurationList = 131BAEC71E8AAFC800912967 /* Build configuration list for PBXNativeTarget "Project 01 - GoodAsOldPhones" */;
			buildPhases = (
				131BAEB11E8AAFC800912967 /* Sources */,
				131BAEB21E8AAFC800912967 /* Frameworks */,
				131BAEB31E8AAFC800912967 /* Resources */,
			);
			buildRules = (
			);
			dependencies = (
			);
			name = "Project 01 - GoodAsOldPhones";
			productName = "Project 01 - GoodAsOldPhones";
			productReference = 131BAEB51E8AAFC800912967 /* Project 01 - GoodAsOldPhones.app */;
			productType = "com.apple.product-type.application";
		};
/* End PBXNativeTarget section */

/* Begin PBXProject section */
		131BAEAD1E8AAFC800912967 /* Project object */ = {
			isa = PBXProject;
			attributes = {
				CLASSPREFIX = YC;
				LastSwiftUpdateCheck = 0820;
				LastUpgradeCheck = 0820;
				ORGANIZATIONNAME = com.Durand;
				TargetAttributes = {
					131BAEB41E8AAFC800912967 = {
						CreatedOnToolsVersion = 8.2.1;
						DevelopmentTeam = 9JS4667ARA;
						ProvisioningStyle = Automatic;
					};
				};
			};
			buildConfigurationList = 131BAEB01E8AAFC800912967 /* Build configuration list for PBXProject "Project 01 - GoodAsOldPhones" */;
			compatibilityVersion = "Xcode 3.2";
			developmentRegion = English;
			hasScannedForEncodings = 0;
			knownRegions = (
				en,
				Base,
			);
			mainGroup = 131BAEAC1E8AAFC800912967;
			productRefGroup = 131BAEB61E8AAFC800912967 /* Products */;
			projectDirPath = "";
			projectRoot = "";
			targets = (
				131BAEB41E8AAFC800912967 /* Project 01 - GoodAsOldPhones */,
			);
		};
/* End PBXProject section */

/* Begin PBXResourcesBuildPhase section */
		131BAEB31E8AAFC800912967 /* Resources */ = {
			isa = PBXResourcesBuildPhase;
			buildActionMask = 2147483647;
			files = (
				131BAEC31E8AAFC800912967 /* LaunchScreen.storyboard in Resources */,
				131BAEC01E8AAFC800912967 /* Assets.xcassets in Resources */,
			);
			runOnlyForDeploymentPostprocessing = 0;
		};
/* End PBXResourcesBuildPhase section */

/* Begin PBXSourcesBuildPhase section */
		131BAEB11E8AAFC800912967 /* Sources */ = {
			isa = PBXSourcesBuildPhase;
			buildActionMask = 2147483647;
			files = (
				131BAEBB1E8AAFC800912967 /* ViewController.swift in Sources */,
				1362D5671E8BEDDF00449E18 /* YCProductsViewController.swift in Sources */,
				131BAEB91E8AAFC800912967 /* AppDelegate.swift in Sources */,
				1362D5691E8BFCD200449E18 /* YCProduct.swift in Sources */,
			);
			runOnlyForDeploymentPostprocessing = 0;
		};
/* End PBXSourcesBuildPhase section */

/* Begin PBXVariantGroup section */
		131BAEC11E8AAFC800912967 /* LaunchScreen.storyboard */ = {
			isa = PBXVariantGroup;
			children = (
				131BAEC21E8AAFC800912967 /* Base */,
			);
			name = LaunchScreen.storyboard;
			sourceTree = "<group>";
		};
/* End PBXVariantGroup section */

/* Begin XCBuildConfiguration section */
		131BAEC51E8AAFC800912967 /* Debug */ = {
			isa = XCBuildConfiguration;
			buildSettings = {
				ALWAYS_SEARCH_USER_PATHS = NO;
				CLANG_ANALYZER_NONNULL = YES;
				CLANG_CXX_LANGUAGE_STANDARD = "gnu++0x";
				CLANG_CXX_LIBRARY = "libc++";
				CLANG_ENABLE_MODULES = YES;
				CLANG_ENABLE_OBJC_ARC = YES;
				CLANG_WARN_BOOL_CONVERSION = YES;
				CLANG_WARN_CONSTANT_CONVERSION = YES;
				CLANG_WARN_DIRECT_OBJC_ISA_USAGE = YES_ERROR;
				CLANG_WARN_DOCUMENTATION_COMMENTS = YES;
				CLANG_WARN_EMPTY_BODY = YES;
				CLANG_WARN_ENUM_CONVERSION = YES;
				CLANG_WARN_INFINITE_RECURSION = YES;
				CLANG_WARN_INT_CONVERSION = YES;
				CLANG_WARN_OBJC_ROOT_CLASS = YES_ERROR;
				CLANG_WARN_SUSPICIOUS_MOVE = YES;
				CLANG_WARN_UNREACHABLE_CODE = YES;
				CLANG_WARN__DUPLICATE_METHOD_MATCH = YES;
				"CODE_SIGN_IDENTITY[sdk=iphoneos*]" = "iPhone Developer";
				COPY_PHASE_STRIP = NO;
				DEBUG_INFORMATION_FORMAT = dwarf;
				ENABLE_STRICT_OBJC_MSGSEND = YES;
				ENABLE_TESTABILITY = YES;
				GCC_C_LANGUAGE_STANDARD = gnu99;
				GCC_DYNAMIC_NO_PIC = NO;
				GCC_NO_COMMON_BLOCKS = YES;
				GCC_OPTIMIZATION_LEVEL = 0;
				GCC_PREPROCESSOR_DEFINITIONS = (
					"DEBUG=1",
					"$(inherited)",
				);
				GCC_WARN_64_TO_32_BIT_CONVERSION = YES;
				GCC_WARN_ABOUT_RETURN_TYPE = YES_ERROR;
				GCC_WARN_UNDECLARED_SELECTOR = YES;
				GCC_WARN_UNINITIALIZED_AUTOS = YES_AGGRESSIVE;
				GCC_WARN_UNUSED_FUNCTION = YES;
				GCC_WARN_UNUSED_VARIABLE = YES;
				IPHONEOS_DEPLOYMENT_TARGET = 10.2;
				MTL_ENABLE_DEBUG_INFO = YES;
				ONLY_ACTIVE_ARCH = YES;
				SDKROOT = iphoneos;
				SWIFT_ACTIVE_COMPILATION_CONDITIONS = DEBUG;
				SWIFT_OPTIMIZATION_LEVEL = "-Onone";
				TARGETED_DEVICE_FAMILY = "1,2";
			};
			name = Debug;
		};
		131BAEC61E8AAFC800912967 /* Release */ = {
			isa = XCBuildConfiguration;
			buildSettings = {
				ALWAYS_SEARCH_USER_PATHS = NO;
				CLANG_ANALYZER_NONNULL = YES;
				CLANG_CXX_LANGUAGE_STANDARD = "gnu++0x";
				CLANG_CXX_LIBRARY = "libc++";
				CLANG_ENABLE_MODULES = YES;
				CLANG_ENABLE_OBJC_ARC = YES;
				CLANG_WARN_BOOL_CONVERSION = YES;
				CLANG_WARN_CONSTANT_CONVERSION = YES;
				CLANG_WARN_DIRECT_OBJC_ISA_USAGE = YES_ERROR;
				CLANG_WARN_DOCUMENTATION_COMMENTS = YES;
				CLANG_WARN_EMPTY_BODY = YES;
				CLANG_WARN_ENUM_CONVERSION = YES;
				CLANG_WARN_INFINITE_RECURSION = YES;
				CLANG_WARN_INT_CONVERSION = YES;
				CLANG_WARN_OBJC_ROOT_CLASS = YES_ERROR;
				CLANG_WARN_SUSPICIOUS_MOVE = YES;
				CLANG_WARN_UNREACHABLE_CODE = YES;
				CLANG_WARN__DUPLICATE_METHOD_MATCH = YES;
				"CODE_SIGN_IDENTITY[sdk=iphoneos*]" = "iPhone Developer";
				COPY_PHASE_STRIP = NO;
				DEBUG_INFORMATION_FORMAT = "dwarf-with-dsym";
				ENABLE_NS_ASSERTIONS = NO;
				ENABLE_STRICT_OBJC_MSGSEND = YES;
				GCC_C_LANGUAGE_STANDARD = gnu99;
				GCC_NO_COMMON_BLOCKS = YES;
				GCC_WARN_64_TO_32_BIT_CONVERSION = YES;
				GCC_WARN_ABOUT_RETURN_TYPE = YES_ERROR;
				GCC_WARN_UNDECLARED_SELECTOR = YES;
				GCC_WARN_UNINITIALIZED_AUTOS = YES_AGGRESSIVE;
				GCC_WARN_UNUSED_FUNCTION = YES;
				GCC_WARN_UNUSED_VARIABLE = YES;
				IPHONEOS_DEPLOYMENT_TARGET = 10.2;
				MTL_ENABLE_DEBUG_INFO = NO;
				SDKROOT = iphoneos;
				SWIFT_OPTIMIZATION_LEVEL = "-Owholemodule";
				TARGETED_DEVICE_FAMILY = "1,2";
				VALIDATE_PRODUCT = YES;
			};
			name = Release;
		};
		131BAEC81E8AAFC800912967 /* Debug */ = {
			isa = XCBuildConfiguration;
			buildSettings = {
				ASSETCATALOG_COMPILER_APPICON_NAME = AppIcon;
				DEVELOPMENT_TEAM = 9JS4667ARA;
				INFOPLIST_FILE = "Project 01 - GoodAsOldPhones/Info.plist";
				LD_RUNPATH_SEARCH_PATHS = "$(inherited) @executable_path/Frameworks";
				PRODUCT_BUNDLE_IDENTIFIER = "com.Durand.Project-01---GoodAsOldPhones";
				PRODUCT_NAME = "$(TARGET_NAME)";
				SWIFT_VERSION = 3.0;
			};
			name = Debug;
		};
		131BAEC91E8AAFC800912967 /* Release */ = {
			isa = XCBuildConfiguration;
			buildSettings = {
				ASSETCATALOG_COMPILER_APPICON_NAME = AppIcon;
				DEVELOPMENT_TEAM = 9JS4667ARA;
				INFOPLIST_FILE = "Project 01 - GoodAsOldPhones/Info.plist";
				LD_RUNPATH_SEARCH_PATHS = "$(inherited) @executable_path/Frameworks";
				PRODUCT_BUNDLE_IDENTIFIER = "com.Durand.Project-01---GoodAsOldPhones";
				PRODUCT_NAME = "$(TARGET_NAME)";
				SWIFT_VERSION = 3.0;
			};
			name = Release;
		};
/* End XCBuildConfiguration section */

/* Begin XCConfigurationList section */
		131BAEB01E8AAFC800912967 /* Build configuration list for PBXProject "Project 01 - GoodAsOldPhones" */ = {
			isa = XCConfigurationList;
			buildConfigurations = (
				131BAEC51E8AAFC800912967 /* Debug */,
				131BAEC61E8AAFC800912967 /* Release */,
			);
			defaultConfigurationIsVisible = 0;
			defaultConfigurationName = Release;
		};
		131BAEC71E8AAFC800912967 /* Build configuration list for PBXNativeTarget "Project 01 - GoodAsOldPhones" */ = {
			isa = XCConfigurationList;
			buildConfigurations = (
				131BAEC81E8AAFC800912967 /* Debug */,
				131BAEC91E8AAFC800912967 /* Release */,
			);
			defaultConfigurationIsVisible = 0;
			defaultConfigurationName = Release;
		};
/* End XCConfigurationList section */
	};
	rootObject = 131BAEAD1E8AAFC800912967 /* Project object */;
}
